
Microsoft Visual Studio Solution File, Format Version 12.00
# Visual Studio Version 17
VisualStudioVersion = 17.4.33213.308
MinimumVisualStudioVersion = 10.0.40219.1
Project("{FAE04EC0-301F-11D3-BF4B-00C04F79EFBC}") = "managementapp", "managementapp\managementapp.csproj", "{B0BE1C0A-8799-4897-95B9-C9B91AF1F537}"
EndProject
Global
	GlobalSection(SolutionConfigurationPlatforms) = preSolution
		Debug|Any CPU = Debug|Any CPU
		Release|Any CPU = Release|Any CPU
	EndGlobalSection
	GlobalSection(ProjectConfigurationPlatforms) = postSolution
		{B0BE1C0A-8799-4897-95B9-C9B91AF1F537}.Debug|Any CPU.ActiveCfg = Debug|Any CPU
		{B0BE1C0A-8799-4897-95B9-C9B91AF1F537}.Debug|Any CPU.Build.0 = Debug|Any CPU
		{B0BE1C0A-8799-4897-95B9-C9B91AF1F537}.Release|Any CPU.ActiveCfg = Release|Any CPU
		{B0BE1C0A-8799-4897-95B9-C9B91AF1F537}.Release|Any CPU.Build.0 = Release|Any CPU
	EndGlobalSection
	GlobalSection(SolutionProperties) = preSolution
		HideSolutionNode = FALSE
	EndGlobalSection
	GlobalSection(ExtensibilityGlobals) = postSolution
		SolutionGuid = {09C5EC7D-3298-4322-9A30-1F8AFF99D3B1}
	EndGlobalSection
EndGlobal
